
Microsoft Visual Studio Solution File, Format Version 12.00
# Visual Studio 14
VisualStudioVersion = 14.0.25420.1
MinimumVisualStudioVersion = 10.0.40219.1
Project("{FAE04EC0-301F-11D3-BF4B-00C04F79EFBC}") = "DavidPortal", "DavidPortal\DavidPortal.csproj", "{3C1A8D7E-B9CA-4E9F-8832-3EDB33C7BA67}"
EndProject
Project("{FAE04EC0-301F-11D3-BF4B-00C04F79EFBC}") = "DavidPortal.Tests", "DavidPortal.Tests\DavidPortal.Tests.csproj", "{63BCCB2D-FB31-4288-98B6-43CCD4A8DF1E}"
EndProject
Project("{FAE04EC0-301F-11D3-BF4B-00C04F79EFBC}") = "DavidCore", "DavidCore\DavidCore.csproj", "{DA1ECBB5-D30A-490F-9B75-A6C1F919D9AD}"
EndProject
Global
	GlobalSection(SolutionConfigurationPlatforms) = preSolution
		Debug|Any CPU = Debug|Any CPU
		Release|Any CPU = Release|Any CPU
	EndGlobalSection
	GlobalSection(ProjectConfigurationPlatforms) = postSolution
		{3C1A8D7E-B9CA-4E9F-8832-3EDB33C7BA67}.Debug|Any CPU.ActiveCfg = Debug|Any CPU
		{3C1A8D7E-B9CA-4E9F-8832-3EDB33C7BA67}.Debug|Any CPU.Build.0 = Debug|Any CPU
		{3C1A8D7E-B9CA-4E9F-8832-3EDB33C7BA67}.Release|Any CPU.ActiveCfg = Release|Any CPU
		{3C1A8D7E-B9CA-4E9F-8832-3EDB33C7BA67}.Release|Any CPU.Build.0 = Release|Any CPU
		{63BCCB2D-FB31-4288-98B6-43CCD4A8DF1E}.Debug|Any CPU.ActiveCfg = Debug|Any CPU
		{63BCCB2D-FB31-4288-98B6-43CCD4A8DF1E}.Debug|Any CPU.Build.0 = Debug|Any CPU
		{63BCCB2D-FB31-4288-98B6-43CCD4A8DF1E}.Release|Any CPU.ActiveCfg = Release|Any CPU
		{63BCCB2D-FB31-4288-98B6-43CCD4A8DF1E}.Release|Any CPU.Build.0 = Release|Any CPU
		{DA1ECBB5-D30A-490F-9B75-A6C1F919D9AD}.Debug|Any CPU.ActiveCfg = Debug|Any CPU
		{DA1ECBB5-D30A-490F-9B75-A6C1F919D9AD}.Debug|Any CPU.Build.0 = Debug|Any CPU
		{DA1ECBB5-D30A-490F-9B75-A6C1F919D9AD}.Release|Any CPU.ActiveCfg = Release|Any CPU
		{DA1ECBB5-D30A-490F-9B75-A6C1F919D9AD}.Release|Any CPU.Build.0 = Release|Any CPU
	EndGlobalSection
	GlobalSection(SolutionProperties) = preSolution
		HideSolutionNode = FALSE
	EndGlobalSection
EndGlobal
